// !$*UTF8*$!
{
	archiveVersion = 1;
	classes = {
	};
	objectVersion = 50;
	objects = {

/* Begin PBXBuildFile section */
		D683501E2313CE9600C13E5F /* AppDelegate.m in Sources */ = {isa = PBXBuildFile; fileRef = D683501D2313CE9600C13E5F /* AppDelegate.m */; };
		D68350212313CE9600C13E5F /* ViewController.m in Sources */ = {isa = PBXBuildFile; fileRef = D68350202313CE9600C13E5F /* ViewController.m */; };
		D68350242313CE9600C13E5F /* Main.storyboard in Resources */ = {isa = PBXBuildFile; fileRef = D68350222313CE9600C13E5F /* Main.storyboard */; };
		D68350262313CE9800C13E5F /* Assets.xcassets in Resources */ = {isa = PBXBuildFile; fileRef = D68350252313CE9800C13E5F /* Assets.xcassets */; };
		D68350292313CE9800C13E5F /* LaunchScreen.storyboard in Resources */ = {isa = PBXBuildFile; fileRef = D68350272313CE9800C13E5F /* LaunchScreen.storyboard */; };
		D683502C2313CE9800C13E5F /* main.m in Sources */ = {isa = PBXBuildFile; fileRef = D683502B2313CE9800C13E5F /* main.m */; };
		D68350362313CE9800C13E5F /* CameraCutTests.m in Sources */ = {isa = PBXBuildFile; fileRef = D68350352313CE9800C13E5F /* CameraCutTests.m */; };
		D68350412313CE9800C13E5F /* CameraCutUITests.m in Sources */ = {isa = PBXBuildFile; fileRef = D68350402313CE9800C13E5F /* CameraCutUITests.m */; };
/* End PBXBuildFile section */

/* Begin PBXContainerItemProxy section */
		D68350322313CE9800C13E5F /* PBXContainerItemProxy */ = {
			isa = PBXContainerItemProxy;
			containerPortal = D68350112313CE9600C13E5F /* Project object */;
			proxyType = 1;
			remoteGlobalIDString = D68350182313CE9600C13E5F;
			remoteInfo = CameraCut;
		};
		D683503D2313CE9800C13E5F /* PBXContainerItemProxy */ = {
			isa = PBXContainerItemProxy;
			containerPortal = D68350112313CE9600C13E5F /* Project object */;
			proxyType = 1;
			remoteGlobalIDString = D68350182313CE9600C13E5F;
			remoteInfo = CameraCut;
		};
/* End PBXContainerItemProxy section */

/* Begin PBXFileReference section */
		D68350192313CE9600C13E5F /* CameraCut.app */ = {isa = PBXFileReference; explicitFileType = wrapper.application; includeInIndex = 0; path = CameraCut.app; sourceTree = BUILT_PRODUCTS_DIR; };
		D683501C2313CE9600C13E5F /* AppDelegate.h */ = {isa = PBXFileReference; lastKnownFileType = sourcecode.c.h; path = AppDelegate.h; sourceTree = "<group>"; };
		D683501D2313CE9600C13E5F /* AppDelegate.m */ = {isa = PBXFileReference; lastKnownFileType = sourcecode.c.objc; path = AppDelegate.m; sourceTree = "<group>"; };
		D683501F2313CE9600C13E5F /* ViewController.h */ = {isa = PBXFileReference; lastKnownFileType = sourcecode.c.h; path = ViewController.h; sourceTree = "<group>"; };
		D68350202313CE9600C13E5F /* ViewController.m */ = {isa = PBXFileReference; lastKnownFileType = sourcecode.c.objc; path = ViewController.m; sourceTree = "<group>"; };
		D68350232313CE9600C13E5F /* Base */ = {isa = PBXFileReference; lastKnownFileType = file.storyboard; name = Base; path = Base.lproj/Main.storyboard; sourceTree = "<group>"; };
		D68350252313CE9800C13E5F /* Assets.xcassets */ = {isa = PBXFileReference; lastKnownFileType = folder.assetcatalog; path = Assets.xcassets; sourceTree = "<group>"; };
		D68350282313CE9800C13E5F /* Base */ = {isa = PBXFileReference; lastKnownFileType = file.storyboard; name = Base; path = Base.lproj/LaunchScreen.storyboard; sourceTree = "<group>"; };
		D683502A2313CE9800C13E5F /* Info.plist */ = {isa = PBXFileReference; lastKnownFileType = text.plist.xml; path = Info.plist; sourceTree = "<group>"; };
		D683502B2313CE9800C13E5F /* main.m */ = {isa = PBXFileReference; lastKnownFileType = sourcecode.c.objc; path = main.m; sourceTree = "<group>"; };
		D68350312313CE9800C13E5F /* CameraCutTests.xctest */ = {isa = PBXFileReference; explicitFileType = wrapper.cfbundle; includeInIndex = 0; path = CameraCutTests.xctest; sourceTree = BUILT_PRODUCTS_DIR; };
		D68350352313CE9800C13E5F /* CameraCutTests.m */ = {isa = PBXFileReference; lastKnownFileType = sourcecode.c.objc; path = CameraCutTests.m; sourceTree = "<group>"; };
		D68350372313CE9800C13E5F /* Info.plist */ = {isa = PBXFileReference; lastKnownFileType = text.plist.xml; path = Info.plist; sourceTree = "<group>"; };
		D683503C2313CE9800C13E5F /* CameraCutUITests.xctest */ = {isa = PBXFileReference; explicitFileType = wrapper.cfbundle; includeInIndex = 0; path = CameraCutUITests.xctest; sourceTree = BUILT_PRODUCTS_DIR; };
		D68350402313CE9800C13E5F /* CameraCutUITests.m */ = {isa = PBXFileReference; lastKnownFileType = sourcecode.c.objc; path = CameraCutUITests.m; sourceTree = "<group>"; };
		D68350422313CE9800C13E5F /* Info.plist */ = {isa = PBXFileReference; lastKnownFileType = text.plist.xml; path = Info.plist; sourceTree = "<group>"; };
/* End PBXFileReference section */

/* Begin PBXFrameworksBuildPhase section */
		D68350162313CE9600C13E5F /* Frameworks */ = {
			isa = PBXFrameworksBuildPhase;
			buildActionMask = 2147483647;
			files = (
			);
			runOnlyForDeploymentPostprocessing = 0;
		};
		D683502E2313CE9800C13E5F /* Frameworks */ = {
			isa = PBXFrameworksBuildPhase;
			buildActionMask = 2147483647;
			files = (
			);
			runOnlyForDeploymentPostprocessing = 0;
		};
		D68350392313CE9800C13E5F /* Frameworks */ = {
			isa = PBXFrameworksBuildPhase;
			buildActionMask = 2147483647;
			files = (
			);
			runOnlyForDeploymentPostprocessing = 0;
		};
/* End PBXFrameworksBuildPhase section */

/* Begin PBXGroup section */
		D68350102313CE9600C13E5F = {
			isa = PBXGroup;
			children = (
				D683501B2313CE9600C13E5F /* CameraCut */,
				D68350342313CE9800C13E5F /* CameraCutTests */,
				D683503F2313CE9800C13E5F /* CameraCutUITests */,
				D683501A2313CE9600C13E5F /* Products */,
			);
			sourceTree = "<group>";
		};
		D683501A2313CE9600C13E5F /* Products */ = {
			isa = PBXGroup;
			children = (
				D68350192313CE9600C13E5F /* CameraCut.app */,
				D68350312313CE9800C13E5F /* CameraCutTests.xctest */,
				D683503C2313CE9800C13E5F /* CameraCutUITests.xctest */,
			);
			name = Products;
			sourceTree = "<group>";
		};
		D683501B2313CE9600C13E5F /* CameraCut */ = {
			isa = PBXGroup;
			children = (
				D683501C2313CE9600C13E5F /* AppDelegate.h */,
				D683501D2313CE9600C13E5F /* AppDelegate.m */,
				D683501F2313CE9600C13E5F /* ViewController.h */,
				D68350202313CE9600C13E5F /* ViewController.m */,
				D68350222313CE9600C13E5F /* Main.storyboard */,
				D68350252313CE9800C13E5F /* Assets.xcassets */,
				D68350272313CE9800C13E5F /* LaunchScreen.storyboard */,
				D683502A2313CE9800C13E5F /* Info.plist */,
				D683502B2313CE9800C13E5F /* main.m */,
			);
			path = CameraCut;
			sourceTree = "<group>";
		};
		D68350342313CE9800C13E5F /* CameraCutTests */ = {
			isa = PBXGroup;
			children = (
				D68350352313CE9800C13E5F /* CameraCutTests.m */,
				D68350372313CE9800C13E5F /* Info.plist */,
			);
			path = CameraCutTests;
			sourceTree = "<group>";
		};
		D683503F2313CE9800C13E5F /* CameraCutUITests */ = {
			isa = PBXGroup;
			children = (
				D68350402313CE9800C13E5F /* CameraCutUITests.m */,
				D68350422313CE9800C13E5F /* Info.plist */,
			);
			path = CameraCutUITests;
			sourceTree = "<group>";
		};
/* End PBXGroup section */

/* Begin PBXNativeTarget section */
		D68350182313CE9600C13E5F /* CameraCut */ = {
			isa = PBXNativeTarget;
			buildConfigurationList = D68350452313CE9800C13E5F /* Build configuration list for PBXNativeTarget "CameraCut" */;
			buildPhases = (
				D68350152313CE9600C13E5F /* Sources */,
				D68350162313CE9600C13E5F /* Frameworks */,
				D68350172313CE9600C13E5F /* Resources */,
			);
			buildRules = (
			);
			dependencies = (
			);
			name = CameraCut;
			productName = CameraCut;
			productReference = D68350192313CE9600C13E5F /* CameraCut.app */;
			productType = "com.apple.product-type.application";
		};
		D68350302313CE9800C13E5F /* CameraCutTests */ = {
			isa = PBXNativeTarget;
			buildConfigurationList = D68350482313CE9800C13E5F /* Build configuration list for PBXNativeTarget "CameraCutTests" */;
			buildPhases = (
				D683502D2313CE9800C13E5F /* Sources */,
				D683502E2313CE9800C13E5F /* Frameworks */,
				D683502F2313CE9800C13E5F /* Resources */,
			);
			buildRules = (
			);
			dependencies = (
				D68350332313CE9800C13E5F /* PBXTargetDependency */,
			);
			name = CameraCutTests;
			productName = CameraCutTests;
			productReference = D68350312313CE9800C13E5F /* CameraCutTests.xctest */;
			productType = "com.apple.product-type.bundle.unit-test";
		};
		D683503B2313CE9800C13E5F /* CameraCutUITests */ = {
			isa = PBXNativeTarget;
			buildConfigurationList = D683504B2313CE9800C13E5F /* Build configuration list for PBXNativeTarget "CameraCutUITests" */;
			buildPhases = (
				D68350382313CE9800C13E5F /* Sources */,
				D68350392313CE9800C13E5F /* Frameworks */,
				D683503A2313CE9800C13E5F /* Resources */,
			);
			buildRules = (
			);
			dependencies = (
				D683503E2313CE9800C13E5F /* PBXTargetDependency */,
			);
			name = CameraCutUITests;
			productName = CameraCutUITests;
			productReference = D683503C2313CE9800C13E5F /* CameraCutUITests.xctest */;
			productType = "com.apple.product-type.bundle.ui-testing";
		};
/* End PBXNativeTarget section */

/* Begin PBXProject section */
		D68350112313CE9600C13E5F /* Project object */ = {
			isa = PBXProject;
			attributes = {
				LastUpgradeCheck = 1030;
				ORGANIZATIONNAME = libing;
				TargetAttributes = {
					D68350182313CE9600C13E5F = {
						CreatedOnToolsVersion = 10.3;
					};
					D68350302313CE9800C13E5F = {
						CreatedOnToolsVersion = 10.3;
						TestTargetID = D68350182313CE9600C13E5F;
					};
					D683503B2313CE9800C13E5F = {
						CreatedOnToolsVersion = 10.3;
						TestTargetID = D68350182313CE9600C13E5F;
					};
				};
			};
			buildConfigurationList = D68350142313CE9600C13E5F /* Build configuration list for PBXProject "CameraCut" */;
			compatibilityVersion = "Xcode 9.3";
			developmentRegion = en;
			hasScannedForEncodings = 0;
			knownRegions = (
				en,
				Base,
			);
			mainGroup = D68350102313CE9600C13E5F;
			productRefGroup = D683501A2313CE9600C13E5F /* Products */;
			projectDirPath = "";
			projectRoot = "";
			targets = (
				D68350182313CE9600C13E5F /* CameraCut */,
				D68350302313CE9800C13E5F /* CameraCutTests */,
				D683503B2313CE9800C13E5F /* CameraCutUITests */,
			);
		};
/* End PBXProject section */

/* Begin PBXResourcesBuildPhase section */
		D68350172313CE9600C13E5F /* Resources */ = {
			isa = PBXResourcesBuildPhase;
			buildActionMask = 2147483647;
			files = (
				D68350292313CE9800C13E5F /* LaunchScreen.storyboard in Resources */,
				D68350262313CE9800C13E5F /* Assets.xcassets in Resources */,
				D68350242313CE9600C13E5F /* Main.storyboard in Resources */,
			);
			runOnlyForDeploymentPostprocessing = 0;
		};
		D683502F2313CE9800C13E5F /* Resources */ = {
			isa = PBXResourcesBuildPhase;
			buildActionMask = 2147483647;
			files = (
			);
			runOnlyForDeploymentPostprocessing = 0;
		};
		D683503A2313CE9800C13E5F /* Resources */ = {
			isa = PBXResourcesBuildPhase;
			buildActionMask = 2147483647;
			files = (
			);
			runOnlyForDeploymentPostprocessing = 0;
		};
/* End PBXResourcesBuildPhase section */

/* Begin PBXSourcesBuildPhase section */
		D68350152313CE9600C13E5F /* Sources */ = {
			isa = PBXSourcesBuildPhase;
			buildActionMask = 2147483647;
			files = (
				D68350212313CE9600C13E5F /* ViewController.m in Sources */,
				D683502C2313CE9800C13E5F /* main.m in Sources */,
				D683501E2313CE9600C13E5F /* AppDelegate.m in Sources */,
			);
			runOnlyForDeploymentPostprocessing = 0;
		};
		D683502D2313CE9800C13E5F /* Sources */ = {
			isa = PBXSourcesBuildPhase;
			buildActionMask = 2147483647;
			files = (
				D68350362313CE9800C13E5F /* CameraCutTests.m in Sources */,
			);
			runOnlyForDeploymentPostprocessing = 0;
		};
		D68350382313CE9800C13E5F /* Sources */ = {
			isa = PBXSourcesBuildPhase;
			buildActionMask = 2147483647;
			files = (
				D68350412313CE9800C13E5F /* CameraCutUITests.m in Sources */,
			);
			runOnlyForDeploymentPostprocessing = 0;
		};
/* End PBXSourcesBuildPhase section */

/* Begin PBXTargetDependency section */
		D68350332313CE9800C13E5F /* PBXTargetDependency */ = {
			isa = PBXTargetDependency;
			target = D68350182313CE9600C13E5F /* CameraCut */;
			targetProxy = D68350322313CE9800C13E5F /* PBXContainerItemProxy */;
		};
		D683503E2313CE9800C13E5F /* PBXTargetDependency */ = {
			isa = PBXTargetDependency;
			target = D68350182313CE9600C13E5F /* CameraCut */;
			targetProxy = D683503D2313CE9800C13E5F /* PBXContainerItemProxy */;
		};
/* End PBXTargetDependency section */

/* Begin PBXVariantGroup section */
		D68350222313CE9600C13E5F /* Main.storyboard */ = {
			isa = PBXVariantGroup;
			children = (
				D68350232313CE9600C13E5F /* Base */,
			);
			name = Main.storyboard;
			sourceTree = "<group>";
		};
		D68350272313CE9800C13E5F /* LaunchScreen.storyboard */ = {
			isa = PBXVariantGroup;
			children = (
				D68350282313CE9800C13E5F /* Base */,
			);
			name = LaunchScreen.storyboard;
			sourceTree = "<group>";
		};
/* End PBXVariantGroup section */

/* Begin XCBuildConfiguration section */
		D68350432313CE9800C13E5F /* Debug */ = {
			isa = XCBuildConfiguration;
			buildSettings = {
				ALWAYS_SEARCH_USER_PATHS = NO;
				CLANG_ANALYZER_NONNULL = YES;
				CLANG_ANALYZER_NUMBER_OBJECT_CONVERSION = YES_AGGRESSIVE;
				CLANG_CXX_LANGUAGE_STANDARD = "gnu++14";
				CLANG_CXX_LIBRARY = "libc++";
				CLANG_ENABLE_MODULES = YES;
				CLANG_ENABLE_OBJC_ARC = YES;
				CLANG_ENABLE_OBJC_WEAK = YES;
				CLANG_WARN_BLOCK_CAPTURE_AUTORELEASING = YES;
				CLANG_WARN_BOOL_CONVERSION = YES;
				CLANG_WARN_COMMA = YES;
				CLANG_WARN_CONSTANT_CONVERSION = YES;
				CLANG_WARN_DEPRECATED_OBJC_IMPLEMENTATIONS = YES;
				CLANG_WARN_DIRECT_OBJC_ISA_USAGE = YES_ERROR;
				CLANG_WARN_DOCUMENTATION_COMMENTS = YES;
				CLANG_WARN_EMPTY_BODY = YES;
				CLANG_WARN_ENUM_CONVERSION = YES;
				CLANG_WARN_INFINITE_RECURSION = YES;
				CLANG_WARN_INT_CONVERSION = YES;
				CLANG_WARN_NON_LITERAL_NULL_CONVERSION = YES;
				CLANG_WARN_OBJC_IMPLICIT_RETAIN_SELF = YES;
				CLANG_WARN_OBJC_LITERAL_CONVERSION = YES;
				CLANG_WARN_OBJC_ROOT_CLASS = YES_ERROR;
				CLANG_WARN_RANGE_LOOP_ANALYSIS = YES;
				CLANG_WARN_STRICT_PROTOTYPES = YES;
				CLANG_WARN_SUSPICIOUS_MOVE = YES;
				CLANG_WARN_UNGUARDED_AVAILABILITY = YES_AGGRESSIVE;
				CLANG_WARN_UNREACHABLE_CODE = YES;
				CLANG_WARN__DUPLICATE_METHOD_MATCH = YES;
				CODE_SIGN_IDENTITY = "iPhone Developer";
				COPY_PHASE_STRIP = NO;
				DEBUG_INFORMATION_FORMAT = dwarf;
				ENABLE_STRICT_OBJC_MSGSEND = YES;
				ENABLE_TESTABILITY = YES;
				GCC_C_LANGUAGE_STANDARD = gnu11;
				GCC_DYNAMIC_NO_PIC = NO;
				GCC_NO_COMMON_BLOCKS = YES;
				GCC_OPTIMIZATION_LEVEL = 0;
				GCC_PREPROCESSOR_DEFINITIONS = (
					"DEBUG=1",
					"$(inherited)",
				);
				GCC_WARN_64_TO_32_BIT_CONVERSION = YES;
				GCC_WARN_ABOUT_RETURN_TYPE = YES_ERROR;
				GCC_WARN_UNDECLARED_SELECTOR = YES;
				GCC_WARN_UNINITIALIZED_AUTOS = YES_AGGRESSIVE;
				GCC_WARN_UNUSED_FUNCTION = YES;
				GCC_WARN_UNUSED_VARIABLE = YES;
				IPHONEOS_DEPLOYMENT_TARGET = 12.4;
				MTL_ENABLE_DEBUG_INFO = INCLUDE_SOURCE;
				MTL_FAST_MATH = YES;
				ONLY_ACTIVE_ARCH = YES;
				SDKROOT = iphoneos;
			};
			name = Debug;
		};
		D68350442313CE9800C13E5F /* Release */ = {
			isa = XCBuildConfiguration;
			buildSettings = {
				ALWAYS_SEARCH_USER_PATHS = NO;
				CLANG_ANALYZER_NONNULL = YES;
				CLANG_ANALYZER_NUMBER_OBJECT_CONVERSION = YES_AGGRESSIVE;
				CLANG_CXX_LANGUAGE_STANDARD = "gnu++14";
				CLANG_CXX_LIBRARY = "libc++";
				CLANG_ENABLE_MODULES = YES;
				CLANG_ENABLE_OBJC_ARC = YES;
				CLANG_ENABLE_OBJC_WEAK = YES;
				CLANG_WARN_BLOCK_CAPTURE_AUTORELEASING = YES;
				CLANG_WARN_BOOL_CONVERSION = YES;
				CLANG_WARN_COMMA = YES;
				CLANG_WARN_CONSTANT_CONVERSION = YES;
				CLANG_WARN_DEPRECATED_OBJC_IMPLEMENTATIONS = YES;
				CLANG_WARN_DIRECT_OBJC_ISA_USAGE = YES_ERROR;
				CLANG_WARN_DOCUMENTATION_COMMENTS = YES;
				CLANG_WARN_EMPTY_BODY = YES;
				CLANG_WARN_ENUM_CONVERSION = YES;
				CLANG_WARN_INFINITE_RECURSION = YES;
				CLANG_WARN_INT_CONVERSION = YES;
				CLANG_WARN_NON_LITERAL_NULL_CONVERSION = YES;
				CLANG_WARN_OBJC_IMPLICIT_RETAIN_SELF = YES;
				CLANG_WARN_OBJC_LITERAL_CONVERSION = YES;
				CLANG_WARN_OBJC_ROOT_CLASS = YES_ERROR;
				CLANG_WARN_RANGE_LOOP_ANALYSIS = YES;
				CLANG_WARN_STRICT_PROTOTYPES = YES;
				CLANG_WARN_SUSPICIOUS_MOVE = YES;
				CLANG_WARN_UNGUARDED_AVAILABILITY = YES_AGGRESSIVE;
				CLANG_WARN_UNREACHABLE_CODE = YES;
				CLANG_WARN__DUPLICATE_METHOD_MATCH = YES;
				CODE_SIGN_IDENTITY = "iPhone Developer";
				COPY_PHASE_STRIP = NO;
				DEBUG_INFORMATION_FORMAT = "dwarf-with-dsym";
				ENABLE_NS_ASSERTIONS = NO;
				ENABLE_STRICT_OBJC_MSGSEND = YES;
				GCC_C_LANGUAGE_STANDARD = gnu11;
				GCC_NO_COMMON_BLOCKS = YES;
				GCC_WARN_64_TO_32_BIT_CONVERSION = YES;
				GCC_WARN_ABOUT_RETURN_TYPE = YES_ERROR;
				GCC_WARN_UNDECLARED_SELECTOR = YES;
				GCC_WARN_UNINITIALIZED_AUTOS = YES_AGGRESSIVE;
				GCC_WARN_UNUSED_FUNCTION = YES;
				GCC_WARN_UNUSED_VARIABLE = YES;
				IPHONEOS_DEPLOYMENT_TARGET = 12.4;
				MTL_ENABLE_DEBUG_INFO = NO;
				MTL_FAST_MATH = YES;
				SDKROOT = iphoneos;
				VALIDATE_PRODUCT = YES;
			};
			name = Release;
		};
		D68350462313CE9800C13E5F /* Debug */ = {
			isa = XCBuildConfiguration;
			buildSettings = {
				ASSETCATALOG_COMPILER_APPICON_NAME = AppIcon;
				CODE_SIGN_STYLE = Automatic;
				INFOPLIST_FILE = CameraCut/Info.plist;
				LD_RUNPATH_SEARCH_PATHS = (
					"$(inherited)",
					"@executable_path/Frameworks",
				);
				PRODUCT_BUNDLE_IDENTIFIER = jhjh.CameraCut;
				PRODUCT_NAME = "$(TARGET_NAME)";
				TARGETED_DEVICE_FAMILY = "1,2";
			};
			name = Debug;
		};
		D68350472313CE9800C13E5F /* Release */ = {
			isa = XCBuildConfiguration;
			buildSettings = {
				ASSETCATALOG_COMPILER_APPICON_NAME = AppIcon;
				CODE_SIGN_STYLE = Automatic;
				INFOPLIST_FILE = CameraCut/Info.plist;
				LD_RUNPATH_SEARCH_PATHS = (
					"$(inherited)",
					"@executable_path/Frameworks",
				);
				PRODUCT_BUNDLE_IDENTIFIER = jhjh.CameraCut;
				PRODUCT_NAME = "$(TARGET_NAME)";
				TARGETED_DEVICE_FAMILY = "1,2";
			};
			name = Release;
		};
		D68350492313CE9800C13E5F /* Debug */ = {
			isa = XCBuildConfiguration;
			buildSettings = {
				BUNDLE_LOADER = "$(TEST_HOST)";
				CODE_SIGN_STYLE = Automatic;
				INFOPLIST_FILE = CameraCutTests/Info.plist;
				LD_RUNPATH_SEARCH_PATHS = (
					"$(inherited)",
					"@executable_path/Frameworks",
					"@loader_path/Frameworks",
				);
				PRODUCT_BUNDLE_IDENTIFIER = jhjh.CameraCutTests;
				PRODUCT_NAME = "$(TARGET_NAME)";
				TARGETED_DEVICE_FAMILY = "1,2";
				TEST_HOST = "$(BUILT_PRODUCTS_DIR)/CameraCut.app/CameraCut";
			};
			name = Debug;
		};
		D683504A2313CE9800C13E5F /* Release */ = {
			isa = XCBuildConfiguration;
			buildSettings = {
				BUNDLE_LOADER = "$(TEST_HOST)";
				CODE_SIGN_STYLE = Automatic;
				INFOPLIST_FILE = CameraCutTests/Info.plist;
				LD_RUNPATH_SEARCH_PATHS = (
					"$(inherited)",
					"@executable_path/Frameworks",
					"@loader_path/Frameworks",
				);
				PRODUCT_BUNDLE_IDENTIFIER = jhjh.CameraCutTests;
				PRODUCT_NAME = "$(TARGET_NAME)";
				TARGETED_DEVICE_FAMILY = "1,2";
				TEST_HOST = "$(BUILT_PRODUCTS_DIR)/CameraCut.app/CameraCut";
			};
			name = Release;
		};
		D683504C2313CE9800C13E5F /* Debug */ = {
			isa = XCBuildConfiguration;
			buildSettings = {
				CODE_SIGN_STYLE = Automatic;
				INFOPLIST_FILE = CameraCutUITests/Info.plist;
				LD_RUNPATH_SEARCH_PATHS = (
					"$(inherited)",
					"@executable_path/Frameworks",
					"@loader_path/Frameworks",
				);
				PRODUCT_BUNDLE_IDENTIFIER = jhjh.CameraCutUITests;
				PRODUCT_NAME = "$(TARGET_NAME)";
				TARGETED_DEVICE_FAMILY = "1,2";
				TEST_TARGET_NAME = CameraCut;
			};
			name = Debug;
		};
		D683504D2313CE9800C13E5F /* Release */ = {
			isa = XCBuildConfiguration;
			buildSettings = {
				CODE_SIGN_STYLE = Automatic;
				INFOPLIST_FILE = CameraCutUITests/Info.plist;
				LD_RUNPATH_SEARCH_PATHS = (
					"$(inherited)",
					"@executable_path/Frameworks",
					"@loader_path/Frameworks",
				);
				PRODUCT_BUNDLE_IDENTIFIER = jhjh.CameraCutUITests;
				PRODUCT_NAME = "$(TARGET_NAME)";
				TARGETED_DEVICE_FAMILY = "1,2";
				TEST_TARGET_NAME = CameraCut;
			};
			name = Release;
		};
/* End XCBuildConfiguration section */

/* Begin XCConfigurationList section */
		D68350142313CE9600C13E5F /* Build configuration list for PBXProject "CameraCut" */ = {
			isa = XCConfigurationList;
			buildConfigurations = (
				D68350432313CE9800C13E5F /* Debug */,
				D68350442313CE9800C13E5F /* Release */,
			);
			defaultConfigurationIsVisible = 0;
			defaultConfigurationName = Release;
		};
		D68350452313CE9800C13E5F /* Build configuration list for PBXNativeTarget "CameraCut" */ = {
			isa = XCConfigurationList;
			buildConfigurations = (
				D68350462313CE9800C13E5F /* Debug */,
				D68350472313CE9800C13E5F /* Release */,
			);
			defaultConfigurationIsVisible = 0;
			defaultConfigurationName = Release;
		};
		D68350482313CE9800C13E5F /* Build configuration list for PBXNativeTarget "CameraCutTests" */ = {
			isa = XCConfigurationList;
			buildConfigurations = (
				D68350492313CE9800C13E5F /* Debug */,
				D683504A2313CE9800C13E5F /* Release */,
			);
			defaultConfigurationIsVisible = 0;
			defaultConfigurationName = Release;
		};
		D683504B2313CE9800C13E5F /* Build configuration list for PBXNativeTarget "CameraCutUITests" */ = {
			isa = XCConfigurationList;
			buildConfigurations = (
				D683504C2313CE9800C13E5F /* Debug */,
				D683504D2313CE9800C13E5F /* Release */,
			);
			defaultConfigurationIsVisible = 0;
			defaultConfigurationName = Release;
		};
/* End XCConfigurationList section */
	};
	rootObject = D68350112313CE9600C13E5F /* Project object */;
}
